
Microsoft Visual Studio Solution File, Format Version 12.00
# Visual Studio Version 16
VisualStudioVersion = 16.0.29306.81
MinimumVisualStudioVersion = 10.0.40219.1
Project("{FAE04EC0-301F-11D3-BF4B-00C04F79EFBC}") = "Taxi_cf.Common", "Taxi_cf.Common\Taxi_cf.Common.csproj", "{0F3A293C-5F7C-461F-AE58-43EDE9919E60}"
EndProject
Global
	GlobalSection(SolutionConfigurationPlatforms) = preSolution
		Debug|Any CPU = Debug|Any CPU
		Release|Any CPU = Release|Any CPU
	EndGlobalSection
	GlobalSection(ProjectConfigurationPlatforms) = postSolution
		{0F3A293C-5F7C-461F-AE58-43EDE9919E60}.Debug|Any CPU.ActiveCfg = Debug|Any CPU
		{0F3A293C-5F7C-461F-AE58-43EDE9919E60}.Debug|Any CPU.Build.0 = Debug|Any CPU
		{0F3A293C-5F7C-461F-AE58-43EDE9919E60}.Release|Any CPU.ActiveCfg = Release|Any CPU
		{0F3A293C-5F7C-461F-AE58-43EDE9919E60}.Release|Any CPU.Build.0 = Release|Any CPU
	EndGlobalSection
	GlobalSection(SolutionProperties) = preSolution
		HideSolutionNode = FALSE
	EndGlobalSection
	GlobalSection(ExtensibilityGlobals) = postSolution
		SolutionGuid = {F9D5216C-18D3-4101-9D9E-085B34B9F07F}
	EndGlobalSection
EndGlobal
