
Microsoft Visual Studio Solution File, Format Version 12.00
# Visual Studio Version 16
VisualStudioVersion = 16.0.29306.81
MinimumVisualStudioVersion = 10.0.40219.1
Project("{9A19103F-16F7-4668-BE54-9A1E7A4F7556}") = "Taxi_cf.Common", "Taxi_cf.Common\Taxi_cf.Common.csproj", "{0F3A293C-5F7C-461F-AE58-43EDE9919E60}"
EndProject
Project("{9A19103F-16F7-4668-BE54-9A1E7A4F7556}") = "Taxi_cf.Web", "Taxi_cf.Web\Taxi_cf.Web.csproj", "{85360BB0-F852-44FE-818B-B2DA385D338D}"
EndProject
Project("{FAE04EC0-301F-11D3-BF4B-00C04F79EFBC}") = "Taxi_cf.Prism", "Taxi_cf.Prism\Taxi_cf.Prism\Taxi_cf.Prism.csproj", "{1976EF01-AEA9-4830-91B9-5F0E6CB75B24}"
EndProject
Project("{FAE04EC0-301F-11D3-BF4B-00C04F79EFBC}") = "Taxi_cf.Prism.Android", "Taxi_cf.Prism\Taxi_cf.Prism.Android\Taxi_cf.Prism.Android.csproj", "{DF964064-859C-4F68-B703-61983A267F6D}"
EndProject
Project("{FAE04EC0-301F-11D3-BF4B-00C04F79EFBC}") = "Taxi_cf.Prism.iOS", "Taxi_cf.Prism\Taxi_cf.Prism.iOS\Taxi_cf.Prism.iOS.csproj", "{5FDBF628-7BDA-44CC-BE4C-116417AA33B4}"
EndProject
Project("{FAE04EC0-301F-11D3-BF4B-00C04F79EFBC}") = "Taxi_cf.Cross.Android", "Taxi_cf.Cross.Android\Taxi_cf.Cross.Android.csproj", "{16C6C4DF-87B3-4E1D-8450-701B97A83733}"
EndProject
Project("{FAE04EC0-301F-11D3-BF4B-00C04F79EFBC}") = "Taxi_cf.Cross.iOS", "Taxi_cf.Cross.iOS\Taxi_cf.Cross.iOS.csproj", "{7966B8AE-84A2-42A3-A67F-C34ED2CE9EA2}"
EndProject
Global
	GlobalSection(SolutionConfigurationPlatforms) = preSolution
		Ad-Hoc|Any CPU = Ad-Hoc|Any CPU
		Ad-Hoc|iPhone = Ad-Hoc|iPhone
		Ad-Hoc|iPhoneSimulator = Ad-Hoc|iPhoneSimulator
		AppStore|Any CPU = AppStore|Any CPU
		AppStore|iPhone = AppStore|iPhone
		AppStore|iPhoneSimulator = AppStore|iPhoneSimulator
		Debug|Any CPU = Debug|Any CPU
		Debug|iPhone = Debug|iPhone
		Debug|iPhoneSimulator = Debug|iPhoneSimulator
		Release|Any CPU = Release|Any CPU
		Release|iPhone = Release|iPhone
		Release|iPhoneSimulator = Release|iPhoneSimulator
	EndGlobalSection
	GlobalSection(ProjectConfigurationPlatforms) = postSolution
		{0F3A293C-5F7C-461F-AE58-43EDE9919E60}.Ad-Hoc|Any CPU.ActiveCfg = Release|Any CPU
		{0F3A293C-5F7C-461F-AE58-43EDE9919E60}.Ad-Hoc|Any CPU.Build.0 = Release|Any CPU
		{0F3A293C-5F7C-461F-AE58-43EDE9919E60}.Ad-Hoc|iPhone.ActiveCfg = Release|Any CPU
		{0F3A293C-5F7C-461F-AE58-43EDE9919E60}.Ad-Hoc|iPhone.Build.0 = Release|Any CPU
		{0F3A293C-5F7C-461F-AE58-43EDE9919E60}.Ad-Hoc|iPhoneSimulator.ActiveCfg = Release|Any CPU
		{0F3A293C-5F7C-461F-AE58-43EDE9919E60}.Ad-Hoc|iPhoneSimulator.Build.0 = Release|Any CPU
		{0F3A293C-5F7C-461F-AE58-43EDE9919E60}.AppStore|Any CPU.ActiveCfg = Release|Any CPU
		{0F3A293C-5F7C-461F-AE58-43EDE9919E60}.AppStore|Any CPU.Build.0 = Release|Any CPU
		{0F3A293C-5F7C-461F-AE58-43EDE9919E60}.AppStore|iPhone.ActiveCfg = Release|Any CPU
		{0F3A293C-5F7C-461F-AE58-43EDE9919E60}.AppStore|iPhone.Build.0 = Release|Any CPU
		{0F3A293C-5F7C-461F-AE58-43EDE9919E60}.AppStore|iPhoneSimulator.ActiveCfg = Release|Any CPU
		{0F3A293C-5F7C-461F-AE58-43EDE9919E60}.AppStore|iPhoneSimulator.Build.0 = Release|Any CPU
		{0F3A293C-5F7C-461F-AE58-43EDE9919E60}.Debug|Any CPU.ActiveCfg = Debug|Any CPU
		{0F3A293C-5F7C-461F-AE58-43EDE9919E60}.Debug|Any CPU.Build.0 = Debug|Any CPU
		{0F3A293C-5F7C-461F-AE58-43EDE9919E60}.Debug|iPhone.ActiveCfg = Debug|Any CPU
		{0F3A293C-5F7C-461F-AE58-43EDE9919E60}.Debug|iPhone.Build.0 = Debug|Any CPU
		{0F3A293C-5F7C-461F-AE58-43EDE9919E60}.Debug|iPhoneSimulator.ActiveCfg = Debug|Any CPU
		{0F3A293C-5F7C-461F-AE58-43EDE9919E60}.Debug|iPhoneSimulator.Build.0 = Debug|Any CPU
		{0F3A293C-5F7C-461F-AE58-43EDE9919E60}.Release|Any CPU.ActiveCfg = Release|Any CPU
		{0F3A293C-5F7C-461F-AE58-43EDE9919E60}.Release|Any CPU.Build.0 = Release|Any CPU
		{0F3A293C-5F7C-461F-AE58-43EDE9919E60}.Release|iPhone.ActiveCfg = Release|Any CPU
		{0F3A293C-5F7C-461F-AE58-43EDE9919E60}.Release|iPhone.Build.0 = Release|Any CPU
		{0F3A293C-5F7C-461F-AE58-43EDE9919E60}.Release|iPhoneSimulator.ActiveCfg = Release|Any CPU
		{0F3A293C-5F7C-461F-AE58-43EDE9919E60}.Release|iPhoneSimulator.Build.0 = Release|Any CPU
		{85360BB0-F852-44FE-818B-B2DA385D338D}.Ad-Hoc|Any CPU.ActiveCfg = Release|Any CPU
		{85360BB0-F852-44FE-818B-B2DA385D338D}.Ad-Hoc|Any CPU.Build.0 = Release|Any CPU
		{85360BB0-F852-44FE-818B-B2DA385D338D}.Ad-Hoc|iPhone.ActiveCfg = Release|Any CPU
		{85360BB0-F852-44FE-818B-B2DA385D338D}.Ad-Hoc|iPhone.Build.0 = Release|Any CPU
		{85360BB0-F852-44FE-818B-B2DA385D338D}.Ad-Hoc|iPhoneSimulator.ActiveCfg = Release|Any CPU
		{85360BB0-F852-44FE-818B-B2DA385D338D}.Ad-Hoc|iPhoneSimulator.Build.0 = Release|Any CPU
		{85360BB0-F852-44FE-818B-B2DA385D338D}.AppStore|Any CPU.ActiveCfg = Release|Any CPU
		{85360BB0-F852-44FE-818B-B2DA385D338D}.AppStore|Any CPU.Build.0 = Release|Any CPU
		{85360BB0-F852-44FE-818B-B2DA385D338D}.AppStore|iPhone.ActiveCfg = Release|Any CPU
		{85360BB0-F852-44FE-818B-B2DA385D338D}.AppStore|iPhone.Build.0 = Release|Any CPU
		{85360BB0-F852-44FE-818B-B2DA385D338D}.AppStore|iPhoneSimulator.ActiveCfg = Release|Any CPU
		{85360BB0-F852-44FE-818B-B2DA385D338D}.AppStore|iPhoneSimulator.Build.0 = Release|Any CPU
		{85360BB0-F852-44FE-818B-B2DA385D338D}.Debug|Any CPU.ActiveCfg = Debug|Any CPU
		{85360BB0-F852-44FE-818B-B2DA385D338D}.Debug|Any CPU.Build.0 = Debug|Any CPU
		{85360BB0-F852-44FE-818B-B2DA385D338D}.Debug|iPhone.ActiveCfg = Debug|Any CPU
		{85360BB0-F852-44FE-818B-B2DA385D338D}.Debug|iPhone.Build.0 = Debug|Any CPU
		{85360BB0-F852-44FE-818B-B2DA385D338D}.Debug|iPhoneSimulator.ActiveCfg = Debug|Any CPU
		{85360BB0-F852-44FE-818B-B2DA385D338D}.Debug|iPhoneSimulator.Build.0 = Debug|Any CPU
		{85360BB0-F852-44FE-818B-B2DA385D338D}.Release|Any CPU.ActiveCfg = Release|Any CPU
		{85360BB0-F852-44FE-818B-B2DA385D338D}.Release|Any CPU.Build.0 = Release|Any CPU
		{85360BB0-F852-44FE-818B-B2DA385D338D}.Release|iPhone.ActiveCfg = Release|Any CPU
		{85360BB0-F852-44FE-818B-B2DA385D338D}.Release|iPhone.Build.0 = Release|Any CPU
		{85360BB0-F852-44FE-818B-B2DA385D338D}.Release|iPhoneSimulator.ActiveCfg = Release|Any CPU
		{85360BB0-F852-44FE-818B-B2DA385D338D}.Release|iPhoneSimulator.Build.0 = Release|Any CPU
		{1976EF01-AEA9-4830-91B9-5F0E6CB75B24}.Ad-Hoc|Any CPU.ActiveCfg = Debug|Any CPU
		{1976EF01-AEA9-4830-91B9-5F0E6CB75B24}.Ad-Hoc|Any CPU.Build.0 = Debug|Any CPU
		{1976EF01-AEA9-4830-91B9-5F0E6CB75B24}.Ad-Hoc|iPhone.ActiveCfg = Debug|Any CPU
		{1976EF01-AEA9-4830-91B9-5F0E6CB75B24}.Ad-Hoc|iPhone.Build.0 = Debug|Any CPU
		{1976EF01-AEA9-4830-91B9-5F0E6CB75B24}.Ad-Hoc|iPhoneSimulator.ActiveCfg = Debug|Any CPU
		{1976EF01-AEA9-4830-91B9-5F0E6CB75B24}.Ad-Hoc|iPhoneSimulator.Build.0 = Debug|Any CPU
		{1976EF01-AEA9-4830-91B9-5F0E6CB75B24}.AppStore|Any CPU.ActiveCfg = Debug|Any CPU
		{1976EF01-AEA9-4830-91B9-5F0E6CB75B24}.AppStore|Any CPU.Build.0 = Debug|Any CPU
		{1976EF01-AEA9-4830-91B9-5F0E6CB75B24}.AppStore|iPhone.ActiveCfg = Debug|Any CPU
		{1976EF01-AEA9-4830-91B9-5F0E6CB75B24}.AppStore|iPhone.Build.0 = Debug|Any CPU
		{1976EF01-AEA9-4830-91B9-5F0E6CB75B24}.AppStore|iPhoneSimulator.ActiveCfg = Debug|Any CPU
		{1976EF01-AEA9-4830-91B9-5F0E6CB75B24}.AppStore|iPhoneSimulator.Build.0 = Debug|Any CPU
		{1976EF01-AEA9-4830-91B9-5F0E6CB75B24}.Debug|Any CPU.ActiveCfg = Debug|Any CPU
		{1976EF01-AEA9-4830-91B9-5F0E6CB75B24}.Debug|Any CPU.Build.0 = Debug|Any CPU
		{1976EF01-AEA9-4830-91B9-5F0E6CB75B24}.Debug|iPhone.ActiveCfg = Debug|Any CPU
		{1976EF01-AEA9-4830-91B9-5F0E6CB75B24}.Debug|iPhone.Build.0 = Debug|Any CPU
		{1976EF01-AEA9-4830-91B9-5F0E6CB75B24}.Debug|iPhoneSimulator.ActiveCfg = Debug|Any CPU
		{1976EF01-AEA9-4830-91B9-5F0E6CB75B24}.Debug|iPhoneSimulator.Build.0 = Debug|Any CPU
		{1976EF01-AEA9-4830-91B9-5F0E6CB75B24}.Release|Any CPU.ActiveCfg = Release|Any CPU
		{1976EF01-AEA9-4830-91B9-5F0E6CB75B24}.Release|Any CPU.Build.0 = Release|Any CPU
		{1976EF01-AEA9-4830-91B9-5F0E6CB75B24}.Release|iPhone.ActiveCfg = Release|Any CPU
		{1976EF01-AEA9-4830-91B9-5F0E6CB75B24}.Release|iPhone.Build.0 = Release|Any CPU
		{1976EF01-AEA9-4830-91B9-5F0E6CB75B24}.Release|iPhoneSimulator.ActiveCfg = Release|Any CPU
		{1976EF01-AEA9-4830-91B9-5F0E6CB75B24}.Release|iPhoneSimulator.Build.0 = Release|Any CPU
		{DF964064-859C-4F68-B703-61983A267F6D}.Ad-Hoc|Any CPU.ActiveCfg = Release|Any CPU
		{DF964064-859C-4F68-B703-61983A267F6D}.Ad-Hoc|Any CPU.Build.0 = Release|Any CPU
		{DF964064-859C-4F68-B703-61983A267F6D}.Ad-Hoc|Any CPU.Deploy.0 = Release|Any CPU
		{DF964064-859C-4F68-B703-61983A267F6D}.Ad-Hoc|iPhone.ActiveCfg = Release|Any CPU
		{DF964064-859C-4F68-B703-61983A267F6D}.Ad-Hoc|iPhone.Build.0 = Release|Any CPU
		{DF964064-859C-4F68-B703-61983A267F6D}.Ad-Hoc|iPhone.Deploy.0 = Release|Any CPU
		{DF964064-859C-4F68-B703-61983A267F6D}.Ad-Hoc|iPhoneSimulator.ActiveCfg = Release|Any CPU
		{DF964064-859C-4F68-B703-61983A267F6D}.Ad-Hoc|iPhoneSimulator.Build.0 = Release|Any CPU
		{DF964064-859C-4F68-B703-61983A267F6D}.Ad-Hoc|iPhoneSimulator.Deploy.0 = Release|Any CPU
		{DF964064-859C-4F68-B703-61983A267F6D}.AppStore|Any CPU.ActiveCfg = Release|Any CPU
		{DF964064-859C-4F68-B703-61983A267F6D}.AppStore|Any CPU.Build.0 = Release|Any CPU
		{DF964064-859C-4F68-B703-61983A267F6D}.AppStore|Any CPU.Deploy.0 = Release|Any CPU
		{DF964064-859C-4F68-B703-61983A267F6D}.AppStore|iPhone.ActiveCfg = Release|Any CPU
		{DF964064-859C-4F68-B703-61983A267F6D}.AppStore|iPhone.Build.0 = Release|Any CPU
		{DF964064-859C-4F68-B703-61983A267F6D}.AppStore|iPhone.Deploy.0 = Release|Any CPU
		{DF964064-859C-4F68-B703-61983A267F6D}.AppStore|iPhoneSimulator.ActiveCfg = Release|Any CPU
		{DF964064-859C-4F68-B703-61983A267F6D}.AppStore|iPhoneSimulator.Build.0 = Release|Any CPU
		{DF964064-859C-4F68-B703-61983A267F6D}.AppStore|iPhoneSimulator.Deploy.0 = Release|Any CPU
		{DF964064-859C-4F68-B703-61983A267F6D}.Debug|Any CPU.ActiveCfg = Debug|Any CPU
		{DF964064-859C-4F68-B703-61983A267F6D}.Debug|Any CPU.Build.0 = Debug|Any CPU
		{DF964064-859C-4F68-B703-61983A267F6D}.Debug|Any CPU.Deploy.0 = Debug|Any CPU
		{DF964064-859C-4F68-B703-61983A267F6D}.Debug|iPhone.ActiveCfg = Debug|Any CPU
		{DF964064-859C-4F68-B703-61983A267F6D}.Debug|iPhone.Build.0 = Debug|Any CPU
		{DF964064-859C-4F68-B703-61983A267F6D}.Debug|iPhone.Deploy.0 = Debug|Any CPU
		{DF964064-859C-4F68-B703-61983A267F6D}.Debug|iPhoneSimulator.ActiveCfg = Debug|Any CPU
		{DF964064-859C-4F68-B703-61983A267F6D}.Debug|iPhoneSimulator.Build.0 = Debug|Any CPU
		{DF964064-859C-4F68-B703-61983A267F6D}.Debug|iPhoneSimulator.Deploy.0 = Debug|Any CPU
		{DF964064-859C-4F68-B703-61983A267F6D}.Release|Any CPU.ActiveCfg = Release|Any CPU
		{DF964064-859C-4F68-B703-61983A267F6D}.Release|Any CPU.Build.0 = Release|Any CPU
		{DF964064-859C-4F68-B703-61983A267F6D}.Release|Any CPU.Deploy.0 = Release|Any CPU
		{DF964064-859C-4F68-B703-61983A267F6D}.Release|iPhone.ActiveCfg = Release|Any CPU
		{DF964064-859C-4F68-B703-61983A267F6D}.Release|iPhone.Build.0 = Release|Any CPU
		{DF964064-859C-4F68-B703-61983A267F6D}.Release|iPhone.Deploy.0 = Release|Any CPU
		{DF964064-859C-4F68-B703-61983A267F6D}.Release|iPhoneSimulator.ActiveCfg = Release|Any CPU
		{DF964064-859C-4F68-B703-61983A267F6D}.Release|iPhoneSimulator.Build.0 = Release|Any CPU
		{DF964064-859C-4F68-B703-61983A267F6D}.Release|iPhoneSimulator.Deploy.0 = Release|Any CPU
		{5FDBF628-7BDA-44CC-BE4C-116417AA33B4}.Ad-Hoc|Any CPU.ActiveCfg = Ad-Hoc|iPhone
		{5FDBF628-7BDA-44CC-BE4C-116417AA33B4}.Ad-Hoc|iPhone.ActiveCfg = Ad-Hoc|iPhone
		{5FDBF628-7BDA-44CC-BE4C-116417AA33B4}.Ad-Hoc|iPhone.Build.0 = Ad-Hoc|iPhone
		{5FDBF628-7BDA-44CC-BE4C-116417AA33B4}.Ad-Hoc|iPhoneSimulator.ActiveCfg = Ad-Hoc|iPhoneSimulator
		{5FDBF628-7BDA-44CC-BE4C-116417AA33B4}.Ad-Hoc|iPhoneSimulator.Build.0 = Ad-Hoc|iPhoneSimulator
		{5FDBF628-7BDA-44CC-BE4C-116417AA33B4}.AppStore|Any CPU.ActiveCfg = AppStore|iPhone
		{5FDBF628-7BDA-44CC-BE4C-116417AA33B4}.AppStore|iPhone.ActiveCfg = AppStore|iPhone
		{5FDBF628-7BDA-44CC-BE4C-116417AA33B4}.AppStore|iPhone.Build.0 = AppStore|iPhone
		{5FDBF628-7BDA-44CC-BE4C-116417AA33B4}.AppStore|iPhoneSimulator.ActiveCfg = AppStore|iPhoneSimulator
		{5FDBF628-7BDA-44CC-BE4C-116417AA33B4}.AppStore|iPhoneSimulator.Build.0 = AppStore|iPhoneSimulator
		{5FDBF628-7BDA-44CC-BE4C-116417AA33B4}.Debug|Any CPU.ActiveCfg = Debug|iPhone
		{5FDBF628-7BDA-44CC-BE4C-116417AA33B4}.Debug|iPhone.ActiveCfg = Debug|iPhone
		{5FDBF628-7BDA-44CC-BE4C-116417AA33B4}.Debug|iPhone.Build.0 = Debug|iPhone
		{5FDBF628-7BDA-44CC-BE4C-116417AA33B4}.Debug|iPhoneSimulator.ActiveCfg = Debug|iPhoneSimulator
		{5FDBF628-7BDA-44CC-BE4C-116417AA33B4}.Debug|iPhoneSimulator.Build.0 = Debug|iPhoneSimulator
		{5FDBF628-7BDA-44CC-BE4C-116417AA33B4}.Release|Any CPU.ActiveCfg = Release|iPhone
		{5FDBF628-7BDA-44CC-BE4C-116417AA33B4}.Release|iPhone.ActiveCfg = Release|iPhone
		{5FDBF628-7BDA-44CC-BE4C-116417AA33B4}.Release|iPhone.Build.0 = Release|iPhone
		{5FDBF628-7BDA-44CC-BE4C-116417AA33B4}.Release|iPhoneSimulator.ActiveCfg = Release|iPhoneSimulator
		{5FDBF628-7BDA-44CC-BE4C-116417AA33B4}.Release|iPhoneSimulator.Build.0 = Release|iPhoneSimulator
		{16C6C4DF-87B3-4E1D-8450-701B97A83733}.Ad-Hoc|Any CPU.ActiveCfg = Release|Any CPU
		{16C6C4DF-87B3-4E1D-8450-701B97A83733}.Ad-Hoc|Any CPU.Build.0 = Release|Any CPU
		{16C6C4DF-87B3-4E1D-8450-701B97A83733}.Ad-Hoc|Any CPU.Deploy.0 = Release|Any CPU
		{16C6C4DF-87B3-4E1D-8450-701B97A83733}.Ad-Hoc|iPhone.ActiveCfg = Release|Any CPU
		{16C6C4DF-87B3-4E1D-8450-701B97A83733}.Ad-Hoc|iPhone.Build.0 = Release|Any CPU
		{16C6C4DF-87B3-4E1D-8450-701B97A83733}.Ad-Hoc|iPhone.Deploy.0 = Release|Any CPU
		{16C6C4DF-87B3-4E1D-8450-701B97A83733}.Ad-Hoc|iPhoneSimulator.ActiveCfg = Release|Any CPU
		{16C6C4DF-87B3-4E1D-8450-701B97A83733}.Ad-Hoc|iPhoneSimulator.Build.0 = Release|Any CPU
		{16C6C4DF-87B3-4E1D-8450-701B97A83733}.Ad-Hoc|iPhoneSimulator.Deploy.0 = Release|Any CPU
		{16C6C4DF-87B3-4E1D-8450-701B97A83733}.AppStore|Any CPU.ActiveCfg = Release|Any CPU
		{16C6C4DF-87B3-4E1D-8450-701B97A83733}.AppStore|Any CPU.Build.0 = Release|Any CPU
		{16C6C4DF-87B3-4E1D-8450-701B97A83733}.AppStore|Any CPU.Deploy.0 = Release|Any CPU
		{16C6C4DF-87B3-4E1D-8450-701B97A83733}.AppStore|iPhone.ActiveCfg = Release|Any CPU
		{16C6C4DF-87B3-4E1D-8450-701B97A83733}.AppStore|iPhone.Build.0 = Release|Any CPU
		{16C6C4DF-87B3-4E1D-8450-701B97A83733}.AppStore|iPhone.Deploy.0 = Release|Any CPU
		{16C6C4DF-87B3-4E1D-8450-701B97A83733}.AppStore|iPhoneSimulator.ActiveCfg = Release|Any CPU
		{16C6C4DF-87B3-4E1D-8450-701B97A83733}.AppStore|iPhoneSimulator.Build.0 = Release|Any CPU
		{16C6C4DF-87B3-4E1D-8450-701B97A83733}.AppStore|iPhoneSimulator.Deploy.0 = Release|Any CPU
		{16C6C4DF-87B3-4E1D-8450-701B97A83733}.Debug|Any CPU.ActiveCfg = Debug|Any CPU
		{16C6C4DF-87B3-4E1D-8450-701B97A83733}.Debug|Any CPU.Build.0 = Debug|Any CPU
		{16C6C4DF-87B3-4E1D-8450-701B97A83733}.Debug|Any CPU.Deploy.0 = Debug|Any CPU
		{16C6C4DF-87B3-4E1D-8450-701B97A83733}.Debug|iPhone.ActiveCfg = Debug|Any CPU
		{16C6C4DF-87B3-4E1D-8450-701B97A83733}.Debug|iPhone.Build.0 = Debug|Any CPU
		{16C6C4DF-87B3-4E1D-8450-701B97A83733}.Debug|iPhone.Deploy.0 = Debug|Any CPU
		{16C6C4DF-87B3-4E1D-8450-701B97A83733}.Debug|iPhoneSimulator.ActiveCfg = Debug|Any CPU
		{16C6C4DF-87B3-4E1D-8450-701B97A83733}.Debug|iPhoneSimulator.Build.0 = Debug|Any CPU
		{16C6C4DF-87B3-4E1D-8450-701B97A83733}.Debug|iPhoneSimulator.Deploy.0 = Debug|Any CPU
		{16C6C4DF-87B3-4E1D-8450-701B97A83733}.Release|Any CPU.ActiveCfg = Release|Any CPU
		{16C6C4DF-87B3-4E1D-8450-701B97A83733}.Release|Any CPU.Build.0 = Release|Any CPU
		{16C6C4DF-87B3-4E1D-8450-701B97A83733}.Release|Any CPU.Deploy.0 = Release|Any CPU
		{16C6C4DF-87B3-4E1D-8450-701B97A83733}.Release|iPhone.ActiveCfg = Release|Any CPU
		{16C6C4DF-87B3-4E1D-8450-701B97A83733}.Release|iPhone.Build.0 = Release|Any CPU
		{16C6C4DF-87B3-4E1D-8450-701B97A83733}.Release|iPhone.Deploy.0 = Release|Any CPU
		{16C6C4DF-87B3-4E1D-8450-701B97A83733}.Release|iPhoneSimulator.ActiveCfg = Release|Any CPU
		{16C6C4DF-87B3-4E1D-8450-701B97A83733}.Release|iPhoneSimulator.Build.0 = Release|Any CPU
		{16C6C4DF-87B3-4E1D-8450-701B97A83733}.Release|iPhoneSimulator.Deploy.0 = Release|Any CPU
		{7966B8AE-84A2-42A3-A67F-C34ED2CE9EA2}.Ad-Hoc|Any CPU.ActiveCfg = Release|iPhone
		{7966B8AE-84A2-42A3-A67F-C34ED2CE9EA2}.Ad-Hoc|Any CPU.Build.0 = Release|iPhone
		{7966B8AE-84A2-42A3-A67F-C34ED2CE9EA2}.Ad-Hoc|iPhone.ActiveCfg = Release|iPhone
		{7966B8AE-84A2-42A3-A67F-C34ED2CE9EA2}.Ad-Hoc|iPhone.Build.0 = Release|iPhone
		{7966B8AE-84A2-42A3-A67F-C34ED2CE9EA2}.Ad-Hoc|iPhoneSimulator.ActiveCfg = Release|iPhoneSimulator
		{7966B8AE-84A2-42A3-A67F-C34ED2CE9EA2}.Ad-Hoc|iPhoneSimulator.Build.0 = Release|iPhoneSimulator
		{7966B8AE-84A2-42A3-A67F-C34ED2CE9EA2}.AppStore|Any CPU.ActiveCfg = Release|iPhone
		{7966B8AE-84A2-42A3-A67F-C34ED2CE9EA2}.AppStore|Any CPU.Build.0 = Release|iPhone
		{7966B8AE-84A2-42A3-A67F-C34ED2CE9EA2}.AppStore|iPhone.ActiveCfg = Release|iPhone
		{7966B8AE-84A2-42A3-A67F-C34ED2CE9EA2}.AppStore|iPhone.Build.0 = Release|iPhone
		{7966B8AE-84A2-42A3-A67F-C34ED2CE9EA2}.AppStore|iPhoneSimulator.ActiveCfg = Release|iPhoneSimulator
		{7966B8AE-84A2-42A3-A67F-C34ED2CE9EA2}.AppStore|iPhoneSimulator.Build.0 = Release|iPhoneSimulator
		{7966B8AE-84A2-42A3-A67F-C34ED2CE9EA2}.Debug|Any CPU.ActiveCfg = Debug|iPhone
		{7966B8AE-84A2-42A3-A67F-C34ED2CE9EA2}.Debug|iPhone.ActiveCfg = Debug|iPhone
		{7966B8AE-84A2-42A3-A67F-C34ED2CE9EA2}.Debug|iPhone.Build.0 = Debug|iPhone
		{7966B8AE-84A2-42A3-A67F-C34ED2CE9EA2}.Debug|iPhoneSimulator.ActiveCfg = Debug|iPhoneSimulator
		{7966B8AE-84A2-42A3-A67F-C34ED2CE9EA2}.Debug|iPhoneSimulator.Build.0 = Debug|iPhoneSimulator
		{7966B8AE-84A2-42A3-A67F-C34ED2CE9EA2}.Release|Any CPU.ActiveCfg = Release|iPhone
		{7966B8AE-84A2-42A3-A67F-C34ED2CE9EA2}.Release|iPhone.ActiveCfg = Release|iPhone
		{7966B8AE-84A2-42A3-A67F-C34ED2CE9EA2}.Release|iPhone.Build.0 = Release|iPhone
		{7966B8AE-84A2-42A3-A67F-C34ED2CE9EA2}.Release|iPhoneSimulator.ActiveCfg = Release|iPhoneSimulator
		{7966B8AE-84A2-42A3-A67F-C34ED2CE9EA2}.Release|iPhoneSimulator.Build.0 = Release|iPhoneSimulator
	EndGlobalSection
	GlobalSection(SolutionProperties) = preSolution
		HideSolutionNode = FALSE
	EndGlobalSection
	GlobalSection(ExtensibilityGlobals) = postSolution
		SolutionGuid = {F9D5216C-18D3-4101-9D9E-085B34B9F07F}
	EndGlobalSection
EndGlobal
